
Microsoft Visual Studio Solution File, Format Version 12.00
# Visual Studio Version 16
VisualStudioVersion = 16.0.29806.167
MinimumVisualStudioVersion = 10.0.40219.1
Project("{FAE04EC0-301F-11D3-BF4B-00C04F79EFBC}") = "Break Exercises", "Break Exercises\Break Exercises.csproj", "{625E7C79-B04C-4D28-873C-39CF1B1F5351}"
EndProject
Global
	GlobalSection(SolutionConfigurationPlatforms) = preSolution
		Debug|Any CPU = Debug|Any CPU
		Release|Any CPU = Release|Any CPU
	EndGlobalSection
	GlobalSection(ProjectConfigurationPlatforms) = postSolution
		{625E7C79-B04C-4D28-873C-39CF1B1F5351}.Debug|Any CPU.ActiveCfg = Debug|Any CPU
		{625E7C79-B04C-4D28-873C-39CF1B1F5351}.Debug|Any CPU.Build.0 = Debug|Any CPU
		{625E7C79-B04C-4D28-873C-39CF1B1F5351}.Release|Any CPU.ActiveCfg = Release|Any CPU
		{625E7C79-B04C-4D28-873C-39CF1B1F5351}.Release|Any CPU.Build.0 = Release|Any CPU
	EndGlobalSection
	GlobalSection(SolutionProperties) = preSolution
		HideSolutionNode = FALSE
	EndGlobalSection
	GlobalSection(ExtensibilityGlobals) = postSolution
		SolutionGuid = {1ED949DA-B463-46CA-B2E2-6C1BEF28F3B7}
	EndGlobalSection
EndGlobal
